
Microsoft Visual Studio Solution File, Format Version 12.00
# Visual Studio 15
VisualStudioVersion = 15.0.26730.3
MinimumVisualStudioVersion = 10.0.40219.1
Project("{FAE04EC0-301F-11D3-BF4B-00C04F79EFBC}") = "WSGsn0w", "WSGsn0w\WSGsn0w.csproj", "{F2479FCC-9CAF-4526-9EE9-343CC878078C}"
EndProject
Global
	GlobalSection(SolutionConfigurationPlatforms) = preSolution
		Debug|Any CPU = Debug|Any CPU
		Release|Any CPU = Release|Any CPU
	EndGlobalSection
	GlobalSection(ProjectConfigurationPlatforms) = postSolution
		{F2479FCC-9CAF-4526-9EE9-343CC878078C}.Debug|Any CPU.ActiveCfg = Debug|Any CPU
		{F2479FCC-9CAF-4526-9EE9-343CC878078C}.Debug|Any CPU.Build.0 = Debug|Any CPU
		{F2479FCC-9CAF-4526-9EE9-343CC878078C}.Release|Any CPU.ActiveCfg = Release|Any CPU
		{F2479FCC-9CAF-4526-9EE9-343CC878078C}.Release|Any CPU.Build.0 = Release|Any CPU
	EndGlobalSection
	GlobalSection(SolutionProperties) = preSolution
		HideSolutionNode = FALSE
	EndGlobalSection
	GlobalSection(ExtensibilityGlobals) = postSolution
		SolutionGuid = {8EE143D9-A51D-4C9D-97CB-AC14BA9A35CC}
	EndGlobalSection
EndGlobal
